
Microsoft Visual Studio Solution File, Format Version 12.00
# Visual Studio Version 16
VisualStudioVersion = 16.0.31729.503
MinimumVisualStudioVersion = 10.0.40219.1
Project("{FAE04EC0-301F-11D3-BF4B-00C04F79EFBC}") = "ExampleAJAX", "ExampleAJAX\ExampleAJAX.csproj", "{508E0799-182C-4229-9B8A-B12C1A0704FB}"
EndProject
Global
	GlobalSection(SolutionConfigurationPlatforms) = preSolution
		Debug|Any CPU = Debug|Any CPU
		Release|Any CPU = Release|Any CPU
	EndGlobalSection
	GlobalSection(ProjectConfigurationPlatforms) = postSolution
		{508E0799-182C-4229-9B8A-B12C1A0704FB}.Debug|Any CPU.ActiveCfg = Debug|Any CPU
		{508E0799-182C-4229-9B8A-B12C1A0704FB}.Debug|Any CPU.Build.0 = Debug|Any CPU
		{508E0799-182C-4229-9B8A-B12C1A0704FB}.Release|Any CPU.ActiveCfg = Release|Any CPU
		{508E0799-182C-4229-9B8A-B12C1A0704FB}.Release|Any CPU.Build.0 = Release|Any CPU
	EndGlobalSection
	GlobalSection(SolutionProperties) = preSolution
		HideSolutionNode = FALSE
	EndGlobalSection
	GlobalSection(ExtensibilityGlobals) = postSolution
		SolutionGuid = {DDBF8316-C277-4DCF-BCC4-347662941A1E}
	EndGlobalSection
EndGlobal
